
Microsoft Visual Studio Solution File, Format Version 12.00
# Visual Studio 15
VisualStudioVersion = 15.0.28010.2050
MinimumVisualStudioVersion = 10.0.40219.1
Project("{FAE04EC0-301F-11D3-BF4B-00C04F79EFBC}") = "ASPNETWebAPI", "ASPNETWebAPI\ASPNETWebAPI.csproj", "{C6EDC5AD-E6DF-483C-B9EB-E3A494D2BAE6}"
EndProject
Global
	GlobalSection(SolutionConfigurationPlatforms) = preSolution
		Debug|Any CPU = Debug|Any CPU
		Release|Any CPU = Release|Any CPU
	EndGlobalSection
	GlobalSection(ProjectConfigurationPlatforms) = postSolution
		{C6EDC5AD-E6DF-483C-B9EB-E3A494D2BAE6}.Debug|Any CPU.ActiveCfg = Debug|Any CPU
		{C6EDC5AD-E6DF-483C-B9EB-E3A494D2BAE6}.Debug|Any CPU.Build.0 = Debug|Any CPU
		{C6EDC5AD-E6DF-483C-B9EB-E3A494D2BAE6}.Release|Any CPU.ActiveCfg = Release|Any CPU
		{C6EDC5AD-E6DF-483C-B9EB-E3A494D2BAE6}.Release|Any CPU.Build.0 = Release|Any CPU
	EndGlobalSection
	GlobalSection(SolutionProperties) = preSolution
		HideSolutionNode = FALSE
	EndGlobalSection
	GlobalSection(ExtensibilityGlobals) = postSolution
		SolutionGuid = {0BE77A8A-5B11-4B56-9F68-9D6AD108FB8A}
	EndGlobalSection
EndGlobal
